Microsoft Visual Studio Solution File, Format Version 8.00
Project("{F184B08F-C81C-45F6-A57F-5ABD9991F28F}") = "PrizmConnectServices", "PrizmConnectServices.vbproj", "{31D5B043-CF6C-45E5-817B-CF68A4C68F16}"
	ProjectSection(ProjectDependencies) = postProject
	EndProjectSection
EndProject
Global
	GlobalSection(SolutionConfiguration) = preSolution
		Debug = Debug
		Release = Release
	EndGlobalSection
	GlobalSection(ProjectConfiguration) = postSolution
		{31D5B043-CF6C-45E5-817B-CF68A4C68F16}.Debug.ActiveCfg = Debug|.NET
		{31D5B043-CF6C-45E5-817B-CF68A4C68F16}.Debug.Build.0 = Debug|.NET
		{31D5B043-CF6C-45E5-817B-CF68A4C68F16}.Release.ActiveCfg = Release|.NET
		{31D5B043-CF6C-45E5-817B-CF68A4C68F16}.Release.Build.0 = Release|.NET
	EndGlobalSection
	GlobalSection(ExtensibilityGlobals) = postSolution
	EndGlobalSection
	GlobalSection(ExtensibilityAddIns) = postSolution
	EndGlobalSection
EndGlobal
